// !$*UTF8*$!
{
	archiveVersion = 1;
	classes = {
	};
	objectVersion = 50;
	objects = {

/* Begin PBXBuildFile section */
		D22A307E25DC05C900F2300D /* SearchViewController.swift in Sources */ = {isa = PBXBuildFile; fileRef = D22A307D25DC05C900F2300D /* SearchViewController.swift */; };
		D22A308025DC066700F2300D /* SearchMovieCollectionViewCell.swift in Sources */ = {isa = PBXBuildFile; fileRef = D22A307F25DC066700F2300D /* SearchMovieCollectionViewCell.swift */; };
		D22A308425DC0D3000F2300D /* SearchCollectionReusableView.swift in Sources */ = {isa = PBXBuildFile; fileRef = D22A308325DC0D3000F2300D /* SearchCollectionReusableView.swift */; };
		D250585525D2EDC600F218CB /* Movie.swift in Sources */ = {isa = PBXBuildFile; fileRef = D250585425D2EDC600F218CB /* Movie.swift */; };
		D250585825D2EEE100F218CB /* MovieService.swift in Sources */ = {isa = PBXBuildFile; fileRef = D250585725D2EEE100F218CB /* MovieService.swift */; };
		D250585A25D2F3F600F218CB /* MovieStore.swift in Sources */ = {isa = PBXBuildFile; fileRef = D250585925D2F3F600F218CB /* MovieStore.swift */; };
		D250585E25D2F84900F218CB /* Util.swift in Sources */ = {isa = PBXBuildFile; fileRef = D250585D25D2F84900F218CB /* Util.swift */; };
		D2593A7525D6D41800B65E1E /* DetailsViewController.swift in Sources */ = {isa = PBXBuildFile; fileRef = D2593A7425D6D41800B65E1E /* DetailsViewController.swift */; };
		D289803025EE8C3100FB657A /* Assets.xcassets in Resources */ = {isa = PBXBuildFile; fileRef = D289802F25EE8C3000FB657A /* Assets.xcassets */; };
		D2BDADEF25D17F4200525158 /* AppDelegate.swift in Sources */ = {isa = PBXBuildFile; fileRef = D2BDADEE25D17F4200525158 /* AppDelegate.swift */; };
		D2BDADF125D17F4200525158 /* ViewController.swift in Sources */ = {isa = PBXBuildFile; fileRef = D2BDADF025D17F4200525158 /* ViewController.swift */; };
		D2BDADF425D17F4200525158 /* Main.storyboard in Resources */ = {isa = PBXBuildFile; fileRef = D2BDADF225D17F4200525158 /* Main.storyboard */; };
		D2BDADF725D17F4200525158 /* Moviefy.xcdatamodeld in Sources */ = {isa = PBXBuildFile; fileRef = D2BDADF525D17F4200525158 /* Moviefy.xcdatamodeld */; };
		D2BDADFC25D17F4400525158 /* LaunchScreen.storyboard in Resources */ = {isa = PBXBuildFile; fileRef = D2BDADFA25D17F4400525158 /* LaunchScreen.storyboard */; };
		D2BDAE0725D17F4400525158 /* MoviefyTests.swift in Sources */ = {isa = PBXBuildFile; fileRef = D2BDAE0625D17F4400525158 /* MoviefyTests.swift */; };
		D2BDAE1225D17F4400525158 /* MoviefyUITests.swift in Sources */ = {isa = PBXBuildFile; fileRef = D2BDAE1125D17F4400525158 /* MoviefyUITests.swift */; };
		D2BDAE2325D1805100525158 /* MainTableViewController.swift in Sources */ = {isa = PBXBuildFile; fileRef = D2BDAE2225D1805100525158 /* MainTableViewController.swift */; };
		D2BDAE2625D1809400525158 /* MainTableViewCell.swift in Sources */ = {isa = PBXBuildFile; fileRef = D2BDAE2525D1809400525158 /* MainTableViewCell.swift */; };
		D2BDAE2825D1811F00525158 /* MovieCollectionViewCell.swift in Sources */ = {isa = PBXBuildFile; fileRef = D2BDAE2725D1811F00525158 /* MovieCollectionViewCell.swift */; };
		D2FC381A25E9221E000CFDB4 /* MainTableViewDataSource.swift in Sources */ = {isa = PBXBuildFile; fileRef = D2FC381925E9221E000CFDB4 /* MainTableViewDataSource.swift */; };
/* End PBXBuildFile section */

/* Begin PBXContainerItemProxy section */
		D2BDAE0325D17F4400525158 /* PBXContainerItemProxy */ = {
			isa = PBXContainerItemProxy;
			containerPortal = D2BDADE325D17F4200525158 /* Project object */;
			proxyType = 1;
			remoteGlobalIDString = D2BDADEA25D17F4200525158;
			remoteInfo = Moviefy;
		};
		D2BDAE0E25D17F4400525158 /* PBXContainerItemProxy */ = {
			isa = PBXContainerItemProxy;
			containerPortal = D2BDADE325D17F4200525158 /* Project object */;
			proxyType = 1;
			remoteGlobalIDString = D2BDADEA25D17F4200525158;
			remoteInfo = Moviefy;
		};
/* End PBXContainerItemProxy section */

/* Begin PBXFileReference section */
		D22A307D25DC05C900F2300D /* SearchViewController.swift */ = {isa = PBXFileReference; lastKnownFileType = sourcecode.swift; path = SearchViewController.swift; sourceTree = "<group>"; };
		D22A307F25DC066700F2300D /* SearchMovieCollectionViewCell.swift */ = {isa = PBXFileReference; lastKnownFileType = sourcecode.swift; path = SearchMovieCollectionViewCell.swift; sourceTree = "<group>"; };
		D22A308325DC0D3000F2300D /* SearchCollectionReusableView.swift */ = {isa = PBXFileReference; lastKnownFileType = sourcecode.swift; path = SearchCollectionReusableView.swift; sourceTree = "<group>"; };
		D250585425D2EDC600F218CB /* Movie.swift */ = {isa = PBXFileReference; lastKnownFileType = sourcecode.swift; path = Movie.swift; sourceTree = "<group>"; };
		D250585725D2EEE100F218CB /* MovieService.swift */ = {isa = PBXFileReference; lastKnownFileType = sourcecode.swift; path = MovieService.swift; sourceTree = "<group>"; };
		D250585925D2F3F600F218CB /* MovieStore.swift */ = {isa = PBXFileReference; lastKnownFileType = sourcecode.swift; path = MovieStore.swift; sourceTree = "<group>"; };
		D250585D25D2F84900F218CB /* Util.swift */ = {isa = PBXFileReference; lastKnownFileType = sourcecode.swift; path = Util.swift; sourceTree = "<group>"; };
		D2593A7425D6D41800B65E1E /* DetailsViewController.swift */ = {isa = PBXFileReference; lastKnownFileType = sourcecode.swift; path = DetailsViewController.swift; sourceTree = "<group>"; };
		D289802F25EE8C3000FB657A /* Assets.xcassets */ = {isa = PBXFileReference; lastKnownFileType = folder.assetcatalog; path = Assets.xcassets; sourceTree = "<group>"; };
		D2BDADEB25D17F4200525158 /* Moviefy.app */ = {isa = PBXFileReference; explicitFileType = wrapper.application; includeInIndex = 0; path = Moviefy.app; sourceTree = BUILT_PRODUCTS_DIR; };
		D2BDADEE25D17F4200525158 /* AppDelegate.swift */ = {isa = PBXFileReference; lastKnownFileType = sourcecode.swift; path = AppDelegate.swift; sourceTree = "<group>"; };
		D2BDADF025D17F4200525158 /* ViewController.swift */ = {isa = PBXFileReference; lastKnownFileType = sourcecode.swift; path = ViewController.swift; sourceTree = "<group>"; };
		D2BDADF325D17F4200525158 /* Base */ = {isa = PBXFileReference; lastKnownFileType = file.storyboard; name = Base; path = Base.lproj/Main.storyboard; sourceTree = "<group>"; };
		D2BDADF625D17F4200525158 /* Moviefy.xcdatamodel */ = {isa = PBXFileReference; lastKnownFileType = wrapper.xcdatamodel; path = Moviefy.xcdatamodel; sourceTree = "<group>"; };
		D2BDADFB25D17F4400525158 /* Base */ = {isa = PBXFileReference; lastKnownFileType = file.storyboard; name = Base; path = Base.lproj/LaunchScreen.storyboard; sourceTree = "<group>"; };
		D2BDADFD25D17F4400525158 /* Info.plist */ = {isa = PBXFileReference; lastKnownFileType = text.plist.xml; path = Info.plist; sourceTree = "<group>"; };
		D2BDAE0225D17F4400525158 /* MoviefyTests.xctest */ = {isa = PBXFileReference; explicitFileType = wrapper.cfbundle; includeInIndex = 0; path = MoviefyTests.xctest; sourceTree = BUILT_PRODUCTS_DIR; };
		D2BDAE0625D17F4400525158 /* MoviefyTests.swift */ = {isa = PBXFileReference; lastKnownFileType = sourcecode.swift; path = MoviefyTests.swift; sourceTree = "<group>"; };
		D2BDAE0825D17F4400525158 /* Info.plist */ = {isa = PBXFileReference; lastKnownFileType = text.plist.xml; path = Info.plist; sourceTree = "<group>"; };
		D2BDAE0D25D17F4400525158 /* MoviefyUITests.xctest */ = {isa = PBXFileReference; explicitFileType = wrapper.cfbundle; includeInIndex = 0; path = MoviefyUITests.xctest; sourceTree = BUILT_PRODUCTS_DIR; };
		D2BDAE1125D17F4400525158 /* MoviefyUITests.swift */ = {isa = PBXFileReference; lastKnownFileType = sourcecode.swift; path = MoviefyUITests.swift; sourceTree = "<group>"; };
		D2BDAE1325D17F4400525158 /* Info.plist */ = {isa = PBXFileReference; lastKnownFileType = text.plist.xml; path = Info.plist; sourceTree = "<group>"; };
		D2BDAE2225D1805100525158 /* MainTableViewController.swift */ = {isa = PBXFileReference; lastKnownFileType = sourcecode.swift; path = MainTableViewController.swift; sourceTree = "<group>"; };
		D2BDAE2525D1809400525158 /* MainTableViewCell.swift */ = {isa = PBXFileReference; lastKnownFileType = sourcecode.swift; path = MainTableViewCell.swift; sourceTree = "<group>"; };
		D2BDAE2725D1811F00525158 /* MovieCollectionViewCell.swift */ = {isa = PBXFileReference; lastKnownFileType = sourcecode.swift; path = MovieCollectionViewCell.swift; sourceTree = "<group>"; };
		D2FC381925E9221E000CFDB4 /* MainTableViewDataSource.swift */ = {isa = PBXFileReference; lastKnownFileType = sourcecode.swift; path = MainTableViewDataSource.swift; sourceTree = "<group>"; };
/* End PBXFileReference section */

/* Begin PBXFrameworksBuildPhase section */
		D2BDADE825D17F4200525158 /* Frameworks */ = {
			isa = PBXFrameworksBuildPhase;
			buildActionMask = 2147483647;
			files = (
			);
			runOnlyForDeploymentPostprocessing = 0;
		};
		D2BDADFF25D17F4400525158 /* Frameworks */ = {
			isa = PBXFrameworksBuildPhase;
			buildActionMask = 2147483647;
			files = (
			);
			runOnlyForDeploymentPostprocessing = 0;
		};
		D2BDAE0A25D17F4400525158 /* Frameworks */ = {
			isa = PBXFrameworksBuildPhase;
			buildActionMask = 2147483647;
			files = (
			);
			runOnlyForDeploymentPostprocessing = 0;
		};
/* End PBXFrameworksBuildPhase section */

/* Begin PBXGroup section */
		D22A308225DC0D0E00F2300D /* Views */ = {
			isa = PBXGroup;
			children = (
				D22A308325DC0D3000F2300D /* SearchCollectionReusableView.swift */,
			);
			path = Views;
			sourceTree = "<group>";
		};
		D250585625D2EEC900F218CB /* Services */ = {
			isa = PBXGroup;
			children = (
				D250585725D2EEE100F218CB /* MovieService.swift */,
				D250585925D2F3F600F218CB /* MovieStore.swift */,
				D250585D25D2F84900F218CB /* Util.swift */,
			);
			path = Services;
			sourceTree = "<group>";
		};
		D2BDADE225D17F4200525158 = {
			isa = PBXGroup;
			children = (
				D2BDADED25D17F4200525158 /* Moviefy */,
				D2BDAE0525D17F4400525158 /* MoviefyTests */,
				D2BDAE1025D17F4400525158 /* MoviefyUITests */,
				D2BDADEC25D17F4200525158 /* Products */,
			);
			sourceTree = "<group>";
		};
		D2BDADEC25D17F4200525158 /* Products */ = {
			isa = PBXGroup;
			children = (
				D2BDADEB25D17F4200525158 /* Moviefy.app */,
				D2BDAE0225D17F4400525158 /* MoviefyTests.xctest */,
				D2BDAE0D25D17F4400525158 /* MoviefyUITests.xctest */,
			);
			name = Products;
			sourceTree = "<group>";
		};
		D2BDADED25D17F4200525158 /* Moviefy */ = {
			isa = PBXGroup;
			children = (
				D22A308225DC0D0E00F2300D /* Views */,
				D250585625D2EEC900F218CB /* Services */,
				D2BDAE2025D1802B00525158 /* Model */,
				D2BDAE1F25D1801F00525158 /* ViewControllers */,
				D2BDADEE25D17F4200525158 /* AppDelegate.swift */,
				D2BDADF025D17F4200525158 /* ViewController.swift */,
				D2BDADF225D17F4200525158 /* Main.storyboard */,
				D289802F25EE8C3000FB657A /* Assets.xcassets */,
				D2BDADFA25D17F4400525158 /* LaunchScreen.storyboard */,
				D2BDADFD25D17F4400525158 /* Info.plist */,
				D2BDADF525D17F4200525158 /* Moviefy.xcdatamodeld */,
			);
			path = Moviefy;
			sourceTree = "<group>";
		};
		D2BDAE0525D17F4400525158 /* MoviefyTests */ = {
			isa = PBXGroup;
			children = (
				D2BDAE0625D17F4400525158 /* MoviefyTests.swift */,
				D2BDAE0825D17F4400525158 /* Info.plist */,
			);
			path = MoviefyTests;
			sourceTree = "<group>";
		};
		D2BDAE1025D17F4400525158 /* MoviefyUITests */ = {
			isa = PBXGroup;
			children = (
				D2BDAE1125D17F4400525158 /* MoviefyUITests.swift */,
				D2BDAE1325D17F4400525158 /* Info.plist */,
			);
			path = MoviefyUITests;
			sourceTree = "<group>";
		};
		D2BDAE1F25D1801F00525158 /* ViewControllers */ = {
			isa = PBXGroup;
			children = (
				D2FC381825E921D3000CFDB4 /* MainTableViewController */,
				D2593A7425D6D41800B65E1E /* DetailsViewController.swift */,
				D22A307D25DC05C900F2300D /* SearchViewController.swift */,
			);
			path = ViewControllers;
			sourceTree = "<group>";
		};
		D2BDAE2025D1802B00525158 /* Model */ = {
			isa = PBXGroup;
			children = (
				D2BDAE2125D1803100525158 /* Cells */,
				D250585425D2EDC600F218CB /* Movie.swift */,
			);
			path = Model;
			sourceTree = "<group>";
		};
		D2BDAE2125D1803100525158 /* Cells */ = {
			isa = PBXGroup;
			children = (
				D2BDAE2525D1809400525158 /* MainTableViewCell.swift */,
				D2BDAE2725D1811F00525158 /* MovieCollectionViewCell.swift */,
				D22A307F25DC066700F2300D /* SearchMovieCollectionViewCell.swift */,
			);
			path = Cells;
			sourceTree = "<group>";
		};
		D2FC381825E921D3000CFDB4 /* MainTableViewController */ = {
			isa = PBXGroup;
			children = (
				D2BDAE2225D1805100525158 /* MainTableViewController.swift */,
				D2FC381925E9221E000CFDB4 /* MainTableViewDataSource.swift */,
			);
			path = MainTableViewController;
			sourceTree = "<group>";
		};
/* End PBXGroup section */

/* Begin PBXNativeTarget section */
		D2BDADEA25D17F4200525158 /* Moviefy */ = {
			isa = PBXNativeTarget;
			buildConfigurationList = D2BDAE1625D17F4400525158 /* Build configuration list for PBXNativeTarget "Moviefy" */;
			buildPhases = (
				D2BDADE725D17F4200525158 /* Sources */,
				D2BDADE825D17F4200525158 /* Frameworks */,
				D2BDADE925D17F4200525158 /* Resources */,
			);
			buildRules = (
			);
			dependencies = (
			);
			name = Moviefy;
			productName = Moviefy;
			productReference = D2BDADEB25D17F4200525158 /* Moviefy.app */;
			productType = "com.apple.product-type.application";
		};
		D2BDAE0125D17F4400525158 /* MoviefyTests */ = {
			isa = PBXNativeTarget;
			buildConfigurationList = D2BDAE1925D17F4400525158 /* Build configuration list for PBXNativeTarget "MoviefyTests" */;
			buildPhases = (
				D2BDADFE25D17F4400525158 /* Sources */,
				D2BDADFF25D17F4400525158 /* Frameworks */,
				D2BDAE0025D17F4400525158 /* Resources */,
			);
			buildRules = (
			);
			dependencies = (
				D2BDAE0425D17F4400525158 /* PBXTargetDependency */,
			);
			name = MoviefyTests;
			productName = MoviefyTests;
			productReference = D2BDAE0225D17F4400525158 /* MoviefyTests.xctest */;
			productType = "com.apple.product-type.bundle.unit-test";
		};
		D2BDAE0C25D17F4400525158 /* MoviefyUITests */ = {
			isa = PBXNativeTarget;
			buildConfigurationList = D2BDAE1C25D17F4400525158 /* Build configuration list for PBXNativeTarget "MoviefyUITests" */;
			buildPhases = (
				D2BDAE0925D17F4400525158 /* Sources */,
				D2BDAE0A25D17F4400525158 /* Frameworks */,
				D2BDAE0B25D17F4400525158 /* Resources */,
			);
			buildRules = (
			);
			dependencies = (
				D2BDAE0F25D17F4400525158 /* PBXTargetDependency */,
			);
			name = MoviefyUITests;
			productName = MoviefyUITests;
			productReference = D2BDAE0D25D17F4400525158 /* MoviefyUITests.xctest */;
			productType = "com.apple.product-type.bundle.ui-testing";
		};
/* End PBXNativeTarget section */

/* Begin PBXProject section */
		D2BDADE325D17F4200525158 /* Project object */ = {
			isa = PBXProject;
			attributes = {
				LastSwiftUpdateCheck = 1010;
				LastUpgradeCheck = 1010;
				ORGANIZATIONNAME = "Vladimir Yanakiev";
				TargetAttributes = {
					D2BDADEA25D17F4200525158 = {
						CreatedOnToolsVersion = 10.1;
					};
					D2BDAE0125D17F4400525158 = {
						CreatedOnToolsVersion = 10.1;
						TestTargetID = D2BDADEA25D17F4200525158;
					};
					D2BDAE0C25D17F4400525158 = {
						CreatedOnToolsVersion = 10.1;
						TestTargetID = D2BDADEA25D17F4200525158;
					};
				};
			};
			buildConfigurationList = D2BDADE625D17F4200525158 /* Build configuration list for PBXProject "Moviefy" */;
			compatibilityVersion = "Xcode 9.3";
			developmentRegion = en;
			hasScannedForEncodings = 0;
			knownRegions = (
				en,
				Base,
			);
			mainGroup = D2BDADE225D17F4200525158;
			productRefGroup = D2BDADEC25D17F4200525158 /* Products */;
			projectDirPath = "";
			projectRoot = "";
			targets = (
				D2BDADEA25D17F4200525158 /* Moviefy */,
				D2BDAE0125D17F4400525158 /* MoviefyTests */,
				D2BDAE0C25D17F4400525158 /* MoviefyUITests */,
			);
		};
/* End PBXProject section */

/* Begin PBXResourcesBuildPhase section */
		D2BDADE925D17F4200525158 /* Resources */ = {
			isa = PBXResourcesBuildPhase;
			buildActionMask = 2147483647;
			files = (
				D2BDADFC25D17F4400525158 /* LaunchScreen.storyboard in Resources */,
				D289803025EE8C3100FB657A /* Assets.xcassets in Resources */,
				D2BDADF425D17F4200525158 /* Main.storyboard in Resources */,
			);
			runOnlyForDeploymentPostprocessing = 0;
		};
		D2BDAE0025D17F4400525158 /* Resources */ = {
			isa = PBXResourcesBuildPhase;
			buildActionMask = 2147483647;
			files = (
			);
			runOnlyForDeploymentPostprocessing = 0;
		};
		D2BDAE0B25D17F4400525158 /* Resources */ = {
			isa = PBXResourcesBuildPhase;
			buildActionMask = 2147483647;
			files = (
			);
			runOnlyForDeploymentPostprocessing = 0;
		};
/* End PBXResourcesBuildPhase section */

/* Begin PBXSourcesBuildPhase section */
		D2BDADE725D17F4200525158 /* Sources */ = {
			isa = PBXSourcesBuildPhase;
			buildActionMask = 2147483647;
			files = (
				D250585525D2EDC600F218CB /* Movie.swift in Sources */,
				D22A308025DC066700F2300D /* SearchMovieCollectionViewCell.swift in Sources */,
				D250585A25D2F3F600F218CB /* MovieStore.swift in Sources */,
				D2BDAE2325D1805100525158 /* MainTableViewController.swift in Sources */,
				D2593A7525D6D41800B65E1E /* DetailsViewController.swift in Sources */,
				D2BDADF725D17F4200525158 /* Moviefy.xcdatamodeld in Sources */,
				D2BDADF125D17F4200525158 /* ViewController.swift in Sources */,
				D22A307E25DC05C900F2300D /* SearchViewController.swift in Sources */,
				D2FC381A25E9221E000CFDB4 /* MainTableViewDataSource.swift in Sources */,
				D2BDAE2825D1811F00525158 /* MovieCollectionViewCell.swift in Sources */,
				D2BDADEF25D17F4200525158 /* AppDelegate.swift in Sources */,
				D250585E25D2F84900F218CB /* Util.swift in Sources */,
				D250585825D2EEE100F218CB /* MovieService.swift in Sources */,
				D2BDAE2625D1809400525158 /* MainTableViewCell.swift in Sources */,
				D22A308425DC0D3000F2300D /* SearchCollectionReusableView.swift in Sources */,
			);
			runOnlyForDeploymentPostprocessing = 0;
		};
		D2BDADFE25D17F4400525158 /* Sources */ = {
			isa = PBXSourcesBuildPhase;
			buildActionMask = 2147483647;
			files = (
				D2BDAE0725D17F4400525158 /* MoviefyTests.swift in Sources */,
			);
			runOnlyForDeploymentPostprocessing = 0;
		};
		D2BDAE0925D17F4400525158 /* Sources */ = {
			isa = PBXSourcesBuildPhase;
			buildActionMask = 2147483647;
			files = (
				D2BDAE1225D17F4400525158 /* MoviefyUITests.swift in Sources */,
			);
			runOnlyForDeploymentPostprocessing = 0;
		};
/* End PBXSourcesBuildPhase section */

/* Begin PBXTargetDependency section */
		D2BDAE0425D17F4400525158 /* PBXTargetDependency */ = {
			isa = PBXTargetDependency;
			target = D2BDADEA25D17F4200525158 /* Moviefy */;
			targetProxy = D2BDAE0325D17F4400525158 /* PBXContainerItemProxy */;
		};
		D2BDAE0F25D17F4400525158 /* PBXTargetDependency */ = {
			isa = PBXTargetDependency;
			target = D2BDADEA25D17F4200525158 /* Moviefy */;
			targetProxy = D2BDAE0E25D17F4400525158 /* PBXContainerItemProxy */;
		};
/* End PBXTargetDependency section */

/* Begin PBXVariantGroup section */
		D2BDADF225D17F4200525158 /* Main.storyboard */ = {
			isa = PBXVariantGroup;
			children = (
				D2BDADF325D17F4200525158 /* Base */,
			);
			name = Main.storyboard;
			sourceTree = "<group>";
		};
		D2BDADFA25D17F4400525158 /* LaunchScreen.storyboard */ = {
			isa = PBXVariantGroup;
			children = (
				D2BDADFB25D17F4400525158 /* Base */,
			);
			name = LaunchScreen.storyboard;
			sourceTree = "<group>";
		};
/* End PBXVariantGroup section */

/* Begin XCBuildConfiguration section */
		D2BDAE1425D17F4400525158 /* Debug */ = {
			isa = XCBuildConfiguration;
			buildSettings = {
				ALWAYS_SEARCH_USER_PATHS = NO;
				CLANG_ANALYZER_NONNULL = YES;
				CLANG_ANALYZER_NUMBER_OBJECT_CONVERSION = YES_AGGRESSIVE;
				CLANG_CXX_LANGUAGE_STANDARD = "gnu++14";
				CLANG_CXX_LIBRARY = "libc++";
				CLANG_ENABLE_MODULES = YES;
				CLANG_ENABLE_OBJC_ARC = YES;
				CLANG_ENABLE_OBJC_WEAK = YES;
				CLANG_WARN_BLOCK_CAPTURE_AUTORELEASING = YES;
				CLANG_WARN_BOOL_CONVERSION = YES;
				CLANG_WARN_COMMA = YES;
				CLANG_WARN_CONSTANT_CONVERSION = YES;
				CLANG_WARN_DEPRECATED_OBJC_IMPLEMENTATIONS = YES;
				CLANG_WARN_DIRECT_OBJC_ISA_USAGE = YES_ERROR;
				CLANG_WARN_DOCUMENTATION_COMMENTS = YES;
				CLANG_WARN_EMPTY_BODY = YES;
				CLANG_WARN_ENUM_CONVERSION = YES;
				CLANG_WARN_INFINITE_RECURSION = YES;
				CLANG_WARN_INT_CONVERSION = YES;
				CLANG_WARN_NON_LITERAL_NULL_CONVERSION = YES;
				CLANG_WARN_OBJC_IMPLICIT_RETAIN_SELF = YES;
				CLANG_WARN_OBJC_LITERAL_CONVERSION = YES;
				CLANG_WARN_OBJC_ROOT_CLASS = YES_ERROR;
				CLANG_WARN_RANGE_LOOP_ANALYSIS = YES;
				CLANG_WARN_STRICT_PROTOTYPES = YES;
				CLANG_WARN_SUSPICIOUS_MOVE = YES;
				CLANG_WARN_UNGUARDED_AVAILABILITY = YES_AGGRESSIVE;
				CLANG_WARN_UNREACHABLE_CODE = YES;
				CLANG_WARN__DUPLICATE_METHOD_MATCH = YES;
				CODE_SIGN_IDENTITY = "iPhone Developer";
				COPY_PHASE_STRIP = NO;
				DEBUG_INFORMATION_FORMAT = dwarf;
				ENABLE_STRICT_OBJC_MSGSEND = YES;
				ENABLE_TESTABILITY = YES;
				GCC_C_LANGUAGE_STANDARD = gnu11;
				GCC_DYNAMIC_NO_PIC = NO;
				GCC_NO_COMMON_BLOCKS = YES;
				GCC_OPTIMIZATION_LEVEL = 0;
				GCC_PREPROCESSOR_DEFINITIONS = (
					"DEBUG=1",
					"$(inherited)",
				);
				GCC_WARN_64_TO_32_BIT_CONVERSION = YES;
				GCC_WARN_ABOUT_RETURN_TYPE = YES_ERROR;
				GCC_WARN_UNDECLARED_SELECTOR = YES;
				GCC_WARN_UNINITIALIZED_AUTOS = YES_AGGRESSIVE;
				GCC_WARN_UNUSED_FUNCTION = YES;
				GCC_WARN_UNUSED_VARIABLE = YES;
				IPHONEOS_DEPLOYMENT_TARGET = 12.1;
				MTL_ENABLE_DEBUG_INFO = INCLUDE_SOURCE;
				MTL_FAST_MATH = YES;
				ONLY_ACTIVE_ARCH = YES;
				SDKROOT = iphoneos;
				SWIFT_ACTIVE_COMPILATION_CONDITIONS = DEBUG;
				SWIFT_OPTIMIZATION_LEVEL = "-Onone";
			};
			name = Debug;
		};
		D2BDAE1525D17F4400525158 /* Release */ = {
			isa = XCBuildConfiguration;
			buildSettings = {
				ALWAYS_SEARCH_USER_PATHS = NO;
				CLANG_ANALYZER_NONNULL = YES;
				CLANG_ANALYZER_NUMBER_OBJECT_CONVERSION = YES_AGGRESSIVE;
				CLANG_CXX_LANGUAGE_STANDARD = "gnu++14";
				CLANG_CXX_LIBRARY = "libc++";
				CLANG_ENABLE_MODULES = YES;
				CLANG_ENABLE_OBJC_ARC = YES;
				CLANG_ENABLE_OBJC_WEAK = YES;
				CLANG_WARN_BLOCK_CAPTURE_AUTORELEASING = YES;
				CLANG_WARN_BOOL_CONVERSION = YES;
				CLANG_WARN_COMMA = YES;
				CLANG_WARN_CONSTANT_CONVERSION = YES;
				CLANG_WARN_DEPRECATED_OBJC_IMPLEMENTATIONS = YES;
				CLANG_WARN_DIRECT_OBJC_ISA_USAGE = YES_ERROR;
				CLANG_WARN_DOCUMENTATION_COMMENTS = YES;
				CLANG_WARN_EMPTY_BODY = YES;
				CLANG_WARN_ENUM_CONVERSION = YES;
				CLANG_WARN_INFINITE_RECURSION = YES;
				CLANG_WARN_INT_CONVERSION = YES;
				CLANG_WARN_NON_LITERAL_NULL_CONVERSION = YES;
				CLANG_WARN_OBJC_IMPLICIT_RETAIN_SELF = YES;
				CLANG_WARN_OBJC_LITERAL_CONVERSION = YES;
				CLANG_WARN_OBJC_ROOT_CLASS = YES_ERROR;
				CLANG_WARN_RANGE_LOOP_ANALYSIS = YES;
				CLANG_WARN_STRICT_PROTOTYPES = YES;
				CLANG_WARN_SUSPICIOUS_MOVE = YES;
				CLANG_WARN_UNGUARDED_AVAILABILITY = YES_AGGRESSIVE;
				CLANG_WARN_UNREACHABLE_CODE = YES;
				CLANG_WARN__DUPLICATE_METHOD_MATCH = YES;
				CODE_SIGN_IDENTITY = "iPhone Developer";
				COPY_PHASE_STRIP = NO;
				DEBUG_INFORMATION_FORMAT = "dwarf-with-dsym";
				ENABLE_NS_ASSERTIONS = NO;
				ENABLE_STRICT_OBJC_MSGSEND = YES;
				GCC_C_LANGUAGE_STANDARD = gnu11;
				GCC_NO_COMMON_BLOCKS = YES;
				GCC_WARN_64_TO_32_BIT_CONVERSION = YES;
				GCC_WARN_ABOUT_RETURN_TYPE = YES_ERROR;
				GCC_WARN_UNDECLARED_SELECTOR = YES;
				GCC_WARN_UNINITIALIZED_AUTOS = YES_AGGRESSIVE;
				GCC_WARN_UNUSED_FUNCTION = YES;
				GCC_WARN_UNUSED_VARIABLE = YES;
				IPHONEOS_DEPLOYMENT_TARGET = 12.1;
				MTL_ENABLE_DEBUG_INFO = NO;
				MTL_FAST_MATH = YES;
				SDKROOT = iphoneos;
				SWIFT_COMPILATION_MODE = wholemodule;
				SWIFT_OPTIMIZATION_LEVEL = "-O";
				VALIDATE_PRODUCT = YES;
			};
			name = Release;
		};
		D2BDAE1725D17F4400525158 /* Debug */ = {
			isa = XCBuildConfiguration;
			buildSettings = {
				ASSETCATALOG_COMPILER_APPICON_NAME = AppIcon;
				CODE_SIGN_STYLE = Automatic;
				DEVELOPMENT_TEAM = S5C6K54HLL;
				INFOPLIST_FILE = Moviefy/Info.plist;
				LD_RUNPATH_SEARCH_PATHS = (
					"$(inherited)",
					"@executable_path/Frameworks",
				);
				PRODUCT_BUNDLE_IDENTIFIER = bg.nemetschek.Moviefy;
				PRODUCT_NAME = "$(TARGET_NAME)";
				SWIFT_VERSION = 4.2;
				TARGETED_DEVICE_FAMILY = "1,2";
			};
			name = Debug;
		};
		D2BDAE1825D17F4400525158 /* Release */ = {
			isa = XCBuildConfiguration;
			buildSettings = {
				ASSETCATALOG_COMPILER_APPICON_NAME = AppIcon;
				CODE_SIGN_STYLE = Automatic;
				DEVELOPMENT_TEAM = S5C6K54HLL;
				INFOPLIST_FILE = Moviefy/Info.plist;
				LD_RUNPATH_SEARCH_PATHS = (
					"$(inherited)",
					"@executable_path/Frameworks",
				);
				PRODUCT_BUNDLE_IDENTIFIER = bg.nemetschek.Moviefy;
				PRODUCT_NAME = "$(TARGET_NAME)";
				SWIFT_VERSION = 4.2;
				TARGETED_DEVICE_FAMILY = "1,2";
			};
			name = Release;
		};
		D2BDAE1A25D17F4400525158 /* Debug */ = {
			isa = XCBuildConfiguration;
			buildSettings = {
				ALWAYS_EMBED_SWIFT_STANDARD_LIBRARIES = YES;
				BUNDLE_LOADER = "$(TEST_HOST)";
				CODE_SIGN_STYLE = Automatic;
				DEVELOPMENT_TEAM = S5C6K54HLL;
				INFOPLIST_FILE = MoviefyTests/Info.plist;
				LD_RUNPATH_SEARCH_PATHS = (
					"$(inherited)",
					"@executable_path/Frameworks",
					"@loader_path/Frameworks",
				);
				PRODUCT_BUNDLE_IDENTIFIER = bg.nemetschek.MoviefyTests;
				PRODUCT_NAME = "$(TARGET_NAME)";
				SWIFT_VERSION = 4.2;
				TARGETED_DEVICE_FAMILY = "1,2";
				TEST_HOST = "$(BUILT_PRODUCTS_DIR)/Moviefy.app/Moviefy";
			};
			name = Debug;
		};
		D2BDAE1B25D17F4400525158 /* Release */ = {
			isa = XCBuildConfiguration;
			buildSettings = {
				ALWAYS_EMBED_SWIFT_STANDARD_LIBRARIES = YES;
				BUNDLE_LOADER = "$(TEST_HOST)";
				CODE_SIGN_STYLE = Automatic;
				DEVELOPMENT_TEAM = S5C6K54HLL;
				INFOPLIST_FILE = MoviefyTests/Info.plist;
				LD_RUNPATH_SEARCH_PATHS = (
					"$(inherited)",
					"@executable_path/Frameworks",
					"@loader_path/Frameworks",
				);
				PRODUCT_BUNDLE_IDENTIFIER = bg.nemetschek.MoviefyTests;
				PRODUCT_NAME = "$(TARGET_NAME)";
				SWIFT_VERSION = 4.2;
				TARGETED_DEVICE_FAMILY = "1,2";
				TEST_HOST = "$(BUILT_PRODUCTS_DIR)/Moviefy.app/Moviefy";
			};
			name = Release;
		};
		D2BDAE1D25D17F4400525158 /* Debug */ = {
			isa = XCBuildConfiguration;
			buildSettings = {
				ALWAYS_EMBED_SWIFT_STANDARD_LIBRARIES = YES;
				CODE_SIGN_STYLE = Automatic;
				DEVELOPMENT_TEAM = S5C6K54HLL;
				INFOPLIST_FILE = MoviefyUITests/Info.plist;
				LD_RUNPATH_SEARCH_PATHS = (
					"$(inherited)",
					"@executable_path/Frameworks",
					"@loader_path/Frameworks",
				);
				PRODUCT_BUNDLE_IDENTIFIER = bg.nemetschek.MoviefyUITests;
				PRODUCT_NAME = "$(TARGET_NAME)";
				SWIFT_VERSION = 4.2;
				TARGETED_DEVICE_FAMILY = "1,2";
				TEST_TARGET_NAME = Moviefy;
			};
			name = Debug;
		};
		D2BDAE1E25D17F4400525158 /* Release */ = {
			isa = XCBuildConfiguration;
			buildSettings = {
				ALWAYS_EMBED_SWIFT_STANDARD_LIBRARIES = YES;
				CODE_SIGN_STYLE = Automatic;
				DEVELOPMENT_TEAM = S5C6K54HLL;
				INFOPLIST_FILE = MoviefyUITests/Info.plist;
				LD_RUNPATH_SEARCH_PATHS = (
					"$(inherited)",
					"@executable_path/Frameworks",
					"@loader_path/Frameworks",
				);
				PRODUCT_BUNDLE_IDENTIFIER = bg.nemetschek.MoviefyUITests;
				PRODUCT_NAME = "$(TARGET_NAME)";
				SWIFT_VERSION = 4.2;
				TARGETED_DEVICE_FAMILY = "1,2";
				TEST_TARGET_NAME = Moviefy;
			};
			name = Release;
		};
/* End XCBuildConfiguration section */

/* Begin XCConfigurationList section */
		D2BDADE625D17F4200525158 /* Build configuration list for PBXProject "Moviefy" */ = {
			isa = XCConfigurationList;
			buildConfigurations = (
				D2BDAE1425D17F4400525158 /* Debug */,
				D2BDAE1525D17F4400525158 /* Release */,
			);
			defaultConfigurationIsVisible = 0;
			defaultConfigurationName = Release;
		};
		D2BDAE1625D17F4400525158 /* Build configuration list for PBXNativeTarget "Moviefy" */ = {
			isa = XCConfigurationList;
			buildConfigurations = (
				D2BDAE1725D17F4400525158 /* Debug */,
				D2BDAE1825D17F4400525158 /* Release */,
			);
			defaultConfigurationIsVisible = 0;
			defaultConfigurationName = Release;
		};
		D2BDAE1925D17F4400525158 /* Build configuration list for PBXNativeTarget "MoviefyTests" */ = {
			isa = XCConfigurationList;
			buildConfigurations = (
				D2BDAE1A25D17F4400525158 /* Debug */,
				D2BDAE1B25D17F4400525158 /* Release */,
			);
			defaultConfigurationIsVisible = 0;
			defaultConfigurationName = Release;
		};
		D2BDAE1C25D17F4400525158 /* Build configuration list for PBXNativeTarget "MoviefyUITests" */ = {
			isa = XCConfigurationList;
			buildConfigurations = (
				D2BDAE1D25D17F4400525158 /* Debug */,
				D2BDAE1E25D17F4400525158 /* Release */,
			);
			defaultConfigurationIsVisible = 0;
			defaultConfigurationName = Release;
		};
/* End XCConfigurationList section */

/* Begin XCVersionGroup section */
		D2BDADF525D17F4200525158 /* Moviefy.xcdatamodeld */ = {
			isa = XCVersionGroup;
			children = (
				D2BDADF625D17F4200525158 /* Moviefy.xcdatamodel */,
			);
			currentVersion = D2BDADF625D17F4200525158 /* Moviefy.xcdatamodel */;
			path = Moviefy.xcdatamodeld;
			sourceTree = "<group>";
			versionGroupType = wrapper.xcdatamodel;
		};
/* End XCVersionGroup section */
	};
	rootObject = D2BDADE325D17F4200525158 /* Project object */;
}
